
Microsoft Visual Studio Solution File, Format Version 12.00
# Visual Studio 15
VisualStudioVersion = 15.0.28307.271
MinimumVisualStudioVersion = 10.0.40219.1
Project("{FAE04EC0-301F-11D3-BF4B-00C04F79EFBC}") = "Pong", "Pong\Pong.csproj", "{5D1D6FAC-0492-44FE-95F0-76A63E494ED7}"
EndProject
Global
	GlobalSection(SolutionConfigurationPlatforms) = preSolution
		Debug|x86 = Debug|x86
		Release|x86 = Release|x86
	EndGlobalSection
	GlobalSection(ProjectConfigurationPlatforms) = postSolution
		{5D1D6FAC-0492-44FE-95F0-76A63E494ED7}.Debug|x86.ActiveCfg = Debug|x86
		{5D1D6FAC-0492-44FE-95F0-76A63E494ED7}.Debug|x86.Build.0 = Debug|x86
		{5D1D6FAC-0492-44FE-95F0-76A63E494ED7}.Release|x86.ActiveCfg = Release|x86
		{5D1D6FAC-0492-44FE-95F0-76A63E494ED7}.Release|x86.Build.0 = Release|x86
	EndGlobalSection
	GlobalSection(SolutionProperties) = preSolution
		HideSolutionNode = FALSE
	EndGlobalSection
	GlobalSection(ExtensibilityGlobals) = postSolution
		SolutionGuid = {136FC98E-E55C-47AB-BA60-23E6FABFA729}
	EndGlobalSection
EndGlobal
